
Microsoft Visual Studio Solution File, Format Version 12.00
# Visual Studio Version 17
VisualStudioVersion = 17.14.36603.0
MinimumVisualStudioVersion = 10.0.40219.1
Project("{FAE04EC0-301F-11D3-BF4B-00C04F79EFBC}") = "CompanyStructureApi", "CompanyStructureApi\CompanyStructureApi.csproj", "{56E88DB4-ED8B-454B-A15C-826C136318F0}"
EndProject
Global
	GlobalSection(SolutionConfigurationPlatforms) = preSolution
		Debug|Any CPU = Debug|Any CPU
		Release|Any CPU = Release|Any CPU
	EndGlobalSection
	GlobalSection(ProjectConfigurationPlatforms) = postSolution
		{56E88DB4-ED8B-454B-A15C-826C136318F0}.Debug|Any CPU.ActiveCfg = Debug|Any CPU
		{56E88DB4-ED8B-454B-A15C-826C136318F0}.Debug|Any CPU.Build.0 = Debug|Any CPU
		{56E88DB4-ED8B-454B-A15C-826C136318F0}.Release|Any CPU.ActiveCfg = Release|Any CPU
		{56E88DB4-ED8B-454B-A15C-826C136318F0}.Release|Any CPU.Build.0 = Release|Any CPU
	EndGlobalSection
	GlobalSection(SolutionProperties) = preSolution
		HideSolutionNode = FALSE
	EndGlobalSection
	GlobalSection(ExtensibilityGlobals) = postSolution
		SolutionGuid = {5BA7FFE4-E35E-406A-9F83-E9B29B2F329A}
	EndGlobalSection
EndGlobal
